// !$*UTF8*$!
{
	archiveVersion = 1;
	classes = {
	};
	objectVersion = 46;
	objects = {

/* Begin PBXBuildFile section */
		85CED039E351D5486A8537A3 /* Pods.framework in Frameworks */ = {isa = PBXBuildFile; fileRef = 84766FD98390F60D2412F699 /* Pods.framework */; };
		9B7930E81C74F5F4006EFB15 /* main.m in Sources */ = {isa = PBXBuildFile; fileRef = 9B7930E71C74F5F4006EFB15 /* main.m */; };
		9B7930EB1C74F5F4006EFB15 /* AppDelegate.m in Sources */ = {isa = PBXBuildFile; fileRef = 9B7930EA1C74F5F4006EFB15 /* AppDelegate.m */; };
		9B7930F11C74F5F4006EFB15 /* Main.storyboard in Resources */ = {isa = PBXBuildFile; fileRef = 9B7930EF1C74F5F4006EFB15 /* Main.storyboard */; };
		9B7930F31C74F5F4006EFB15 /* Assets.xcassets in Resources */ = {isa = PBXBuildFile; fileRef = 9B7930F21C74F5F4006EFB15 /* Assets.xcassets */; };
		9B7930F61C74F5F4006EFB15 /* LaunchScreen.storyboard in Resources */ = {isa = PBXBuildFile; fileRef = 9B7930F41C74F5F4006EFB15 /* LaunchScreen.storyboard */; };
		9B7931011C74F5F4006EFB15 /* SocialFeedTests.m in Sources */ = {isa = PBXBuildFile; fileRef = 9B7931001C74F5F4006EFB15 /* SocialFeedTests.m */; };
		9B79310C1C74F5F4006EFB15 /* SocialFeedUITests.m in Sources */ = {isa = PBXBuildFile; fileRef = 9B79310B1C74F5F4006EFB15 /* SocialFeedUITests.m */; };
		9B79311B1C74F86B006EFB15 /* SocialFeedTableViewController.m in Sources */ = {isa = PBXBuildFile; fileRef = 9B79311A1C74F86B006EFB15 /* SocialFeedTableViewController.m */; };
		9B79311E1C74F882006EFB15 /* SocialFeedDetailViewController.m in Sources */ = {isa = PBXBuildFile; fileRef = 9B79311D1C74F882006EFB15 /* SocialFeedDetailViewController.m */; };
		9B7931221C74F8F5006EFB15 /* SocialFeedTableViewCell.m in Sources */ = {isa = PBXBuildFile; fileRef = 9B7931201C74F8F5006EFB15 /* SocialFeedTableViewCell.m */; };
		9B7931231C74F8F5006EFB15 /* SocialFeedTableViewCell.xib in Resources */ = {isa = PBXBuildFile; fileRef = 9B7931211C74F8F5006EFB15 /* SocialFeedTableViewCell.xib */; };
/* End PBXBuildFile section */

/* Begin PBXContainerItemProxy section */
		9B7930FD1C74F5F4006EFB15 /* PBXContainerItemProxy */ = {
			isa = PBXContainerItemProxy;
			containerPortal = 9B7930DB1C74F5F4006EFB15 /* Project object */;
			proxyType = 1;
			remoteGlobalIDString = 9B7930E21C74F5F4006EFB15;
			remoteInfo = SocialFeed;
		};
		9B7931081C74F5F4006EFB15 /* PBXContainerItemProxy */ = {
			isa = PBXContainerItemProxy;
			containerPortal = 9B7930DB1C74F5F4006EFB15 /* Project object */;
			proxyType = 1;
			remoteGlobalIDString = 9B7930E21C74F5F4006EFB15;
			remoteInfo = SocialFeed;
		};
/* End PBXContainerItemProxy section */

/* Begin PBXFileReference section */
		5FE0C3239762534152337B3D /* Pods.release.xcconfig */ = {isa = PBXFileReference; includeInIndex = 1; lastKnownFileType = text.xcconfig; name = Pods.release.xcconfig; path = "Pods/Target Support Files/Pods/Pods.release.xcconfig"; sourceTree = "<group>"; };
		84766FD98390F60D2412F699 /* Pods.framework */ = {isa = PBXFileReference; explicitFileType = wrapper.framework; includeInIndex = 0; path = Pods.framework; sourceTree = BUILT_PRODUCTS_DIR; };
		9B7930E31C74F5F4006EFB15 /* SocialFeed.app */ = {isa = PBXFileReference; explicitFileType = wrapper.application; includeInIndex = 0; path = SocialFeed.app; sourceTree = BUILT_PRODUCTS_DIR; };
		9B7930E71C74F5F4006EFB15 /* main.m */ = {isa = PBXFileReference; lastKnownFileType = sourcecode.c.objc; path = main.m; sourceTree = "<group>"; };
		9B7930E91C74F5F4006EFB15 /* AppDelegate.h */ = {isa = PBXFileReference; lastKnownFileType = sourcecode.c.h; path = AppDelegate.h; sourceTree = "<group>"; };
		9B7930EA1C74F5F4006EFB15 /* AppDelegate.m */ = {isa = PBXFileReference; lastKnownFileType = sourcecode.c.objc; path = AppDelegate.m; sourceTree = "<group>"; };
		9B7930F01C74F5F4006EFB15 /* Base */ = {isa = PBXFileReference; lastKnownFileType = file.storyboard; name = Base; path = Base.lproj/Main.storyboard; sourceTree = "<group>"; };
		9B7930F21C74F5F4006EFB15 /* Assets.xcassets */ = {isa = PBXFileReference; lastKnownFileType = folder.assetcatalog; path = Assets.xcassets; sourceTree = "<group>"; };
		9B7930F51C74F5F4006EFB15 /* Base */ = {isa = PBXFileReference; lastKnownFileType = file.storyboard; name = Base; path = Base.lproj/LaunchScreen.storyboard; sourceTree = "<group>"; };
		9B7930F71C74F5F4006EFB15 /* Info.plist */ = {isa = PBXFileReference; lastKnownFileType = text.plist.xml; path = Info.plist; sourceTree = "<group>"; };
		9B7930FC1C74F5F4006EFB15 /* SocialFeedTests.xctest */ = {isa = PBXFileReference; explicitFileType = wrapper.cfbundle; includeInIndex = 0; path = SocialFeedTests.xctest; sourceTree = BUILT_PRODUCTS_DIR; };
		9B7931001C74F5F4006EFB15 /* SocialFeedTests.m */ = {isa = PBXFileReference; lastKnownFileType = sourcecode.c.objc; path = SocialFeedTests.m; sourceTree = "<group>"; };
		9B7931021C74F5F4006EFB15 /* Info.plist */ = {isa = PBXFileReference; lastKnownFileType = text.plist.xml; path = Info.plist; sourceTree = "<group>"; };
		9B7931071C74F5F4006EFB15 /* SocialFeedUITests.xctest */ = {isa = PBXFileReference; explicitFileType = wrapper.cfbundle; includeInIndex = 0; path = SocialFeedUITests.xctest; sourceTree = BUILT_PRODUCTS_DIR; };
		9B79310B1C74F5F4006EFB15 /* SocialFeedUITests.m */ = {isa = PBXFileReference; lastKnownFileType = sourcecode.c.objc; path = SocialFeedUITests.m; sourceTree = "<group>"; };
		9B79310D1C74F5F4006EFB15 /* Info.plist */ = {isa = PBXFileReference; lastKnownFileType = text.plist.xml; path = Info.plist; sourceTree = "<group>"; };
		9B7931191C74F86B006EFB15 /* SocialFeedTableViewController.h */ = {isa = PBXFileReference; fileEncoding = 4; lastKnownFileType = sourcecode.c.h; path = SocialFeedTableViewController.h; sourceTree = "<group>"; };
		9B79311A1C74F86B006EFB15 /* SocialFeedTableViewController.m */ = {isa = PBXFileReference; fileEncoding = 4; lastKnownFileType = sourcecode.c.objc; path = SocialFeedTableViewController.m; sourceTree = "<group>"; };
		9B79311C1C74F882006EFB15 /* SocialFeedDetailViewController.h */ = {isa = PBXFileReference; fileEncoding = 4; lastKnownFileType = sourcecode.c.h; path = SocialFeedDetailViewController.h; sourceTree = "<group>"; };
		9B79311D1C74F882006EFB15 /* SocialFeedDetailViewController.m */ = {isa = PBXFileReference; fileEncoding = 4; lastKnownFileType = sourcecode.c.objc; path = SocialFeedDetailViewController.m; sourceTree = "<group>"; };
		9B79311F1C74F8F5006EFB15 /* SocialFeedTableViewCell.h */ = {isa = PBXFileReference; fileEncoding = 4; lastKnownFileType = sourcecode.c.h; path = SocialFeedTableViewCell.h; sourceTree = "<group>"; };
		9B7931201C74F8F5006EFB15 /* SocialFeedTableViewCell.m */ = {isa = PBXFileReference; fileEncoding = 4; lastKnownFileType = sourcecode.c.objc; path = SocialFeedTableViewCell.m; sourceTree = "<group>"; };
		9B7931211C74F8F5006EFB15 /* SocialFeedTableViewCell.xib */ = {isa = PBXFileReference; fileEncoding = 4; lastKnownFileType = file.xib; path = SocialFeedTableViewCell.xib; sourceTree = "<group>"; };
		D16631649939655F7A183392 /* Pods.debug.xcconfig */ = {isa = PBXFileReference; includeInIndex = 1; lastKnownFileType = text.xcconfig; name = Pods.debug.xcconfig; path = "Pods/Target Support Files/Pods/Pods.debug.xcconfig"; sourceTree = "<group>"; };
/* End PBXFileReference section */

/* Begin PBXFrameworksBuildPhase section */
		9B7930E01C74F5F4006EFB15 /* Frameworks */ = {
			isa = PBXFrameworksBuildPhase;
			buildActionMask = 2147483647;
			files = (
				85CED039E351D5486A8537A3 /* Pods.framework in Frameworks */,
			);
			runOnlyForDeploymentPostprocessing = 0;
		};
		9B7930F91C74F5F4006EFB15 /* Frameworks */ = {
			isa = PBXFrameworksBuildPhase;
			buildActionMask = 2147483647;
			files = (
			);
			runOnlyForDeploymentPostprocessing = 0;
		};
		9B7931041C74F5F4006EFB15 /* Frameworks */ = {
			isa = PBXFrameworksBuildPhase;
			buildActionMask = 2147483647;
			files = (
			);
			runOnlyForDeploymentPostprocessing = 0;
		};
/* End PBXFrameworksBuildPhase section */

/* Begin PBXGroup section */
		9B7930DA1C74F5F4006EFB15 = {
			isa = PBXGroup;
			children = (
				9B7930E51C74F5F4006EFB15 /* SocialFeed */,
				9B7930FF1C74F5F4006EFB15 /* SocialFeedTests */,
				9B79310A1C74F5F4006EFB15 /* SocialFeedUITests */,
				9B7930E41C74F5F4006EFB15 /* Products */,
				E99DFCDE264850F2ED6DF3B5 /* Pods */,
				E1978001F0E89E16C343379E /* Frameworks */,
			);
			sourceTree = "<group>";
		};
		9B7930E41C74F5F4006EFB15 /* Products */ = {
			isa = PBXGroup;
			children = (
				9B7930E31C74F5F4006EFB15 /* SocialFeed.app */,
				9B7930FC1C74F5F4006EFB15 /* SocialFeedTests.xctest */,
				9B7931071C74F5F4006EFB15 /* SocialFeedUITests.xctest */,
			);
			name = Products;
			sourceTree = "<group>";
		};
		9B7930E51C74F5F4006EFB15 /* SocialFeed */ = {
			isa = PBXGroup;
			children = (
				9B7930E91C74F5F4006EFB15 /* AppDelegate.h */,
				9B7930EA1C74F5F4006EFB15 /* AppDelegate.m */,
				9B7930EF1C74F5F4006EFB15 /* Main.storyboard */,
				9B7930F21C74F5F4006EFB15 /* Assets.xcassets */,
				9B7930F41C74F5F4006EFB15 /* LaunchScreen.storyboard */,
				9B7930F71C74F5F4006EFB15 /* Info.plist */,
				9B7930E61C74F5F4006EFB15 /* Supporting Files */,
				9B7931191C74F86B006EFB15 /* SocialFeedTableViewController.h */,
				9B79311A1C74F86B006EFB15 /* SocialFeedTableViewController.m */,
				9B79311C1C74F882006EFB15 /* SocialFeedDetailViewController.h */,
				9B79311D1C74F882006EFB15 /* SocialFeedDetailViewController.m */,
				9B79311F1C74F8F5006EFB15 /* SocialFeedTableViewCell.h */,
				9B7931201C74F8F5006EFB15 /* SocialFeedTableViewCell.m */,
				9B7931211C74F8F5006EFB15 /* SocialFeedTableViewCell.xib */,
			);
			path = SocialFeed;
			sourceTree = "<group>";
		};
		9B7930E61C74F5F4006EFB15 /* Supporting Files */ = {
			isa = PBXGroup;
			children = (
				9B7930E71C74F5F4006EFB15 /* main.m */,
			);
			name = "Supporting Files";
			sourceTree = "<group>";
		};
		9B7930FF1C74F5F4006EFB15 /* SocialFeedTests */ = {
			isa = PBXGroup;
			children = (
				9B7931001C74F5F4006EFB15 /* SocialFeedTests.m */,
				9B7931021C74F5F4006EFB15 /* Info.plist */,
			);
			path = SocialFeedTests;
			sourceTree = "<group>";
		};
		9B79310A1C74F5F4006EFB15 /* SocialFeedUITests */ = {
			isa = PBXGroup;
			children = (
				9B79310B1C74F5F4006EFB15 /* SocialFeedUITests.m */,
				9B79310D1C74F5F4006EFB15 /* Info.plist */,
			);
			path = SocialFeedUITests;
			sourceTree = "<group>";
		};
		E1978001F0E89E16C343379E /* Frameworks */ = {
			isa = PBXGroup;
			children = (
				84766FD98390F60D2412F699 /* Pods.framework */,
			);
			name = Frameworks;
			sourceTree = "<group>";
		};
		E99DFCDE264850F2ED6DF3B5 /* Pods */ = {
			isa = PBXGroup;
			children = (
				D16631649939655F7A183392 /* Pods.debug.xcconfig */,
				5FE0C3239762534152337B3D /* Pods.release.xcconfig */,
			);
			name = Pods;
			sourceTree = "<group>";
		};
/* End PBXGroup section */

/* Begin PBXNativeTarget section */
		9B7930E21C74F5F4006EFB15 /* SocialFeed */ = {
			isa = PBXNativeTarget;
			buildConfigurationList = 9B7931101C74F5F4006EFB15 /* Build configuration list for PBXNativeTarget "SocialFeed" */;
			buildPhases = (
				83286033F52D50C9678595BE /* Check Pods Manifest.lock */,
				9B7930DF1C74F5F4006EFB15 /* Sources */,
				9B7930E01C74F5F4006EFB15 /* Frameworks */,
				9B7930E11C74F5F4006EFB15 /* Resources */,
				322986F0244CE2D389072594 /* Embed Pods Frameworks */,
				2A633DE528C32F3AB29C6EA1 /* Copy Pods Resources */,
			);
			buildRules = (
			);
			dependencies = (
			);
			name = SocialFeed;
			productName = SocialFeed;
			productReference = 9B7930E31C74F5F4006EFB15 /* SocialFeed.app */;
			productType = "com.apple.product-type.application";
		};
		9B7930FB1C74F5F4006EFB15 /* SocialFeedTests */ = {
			isa = PBXNativeTarget;
			buildConfigurationList = 9B7931131C74F5F4006EFB15 /* Build configuration list for PBXNativeTarget "SocialFeedTests" */;
			buildPhases = (
				9B7930F81C74F5F4006EFB15 /* Sources */,
				9B7930F91C74F5F4006EFB15 /* Frameworks */,
				9B7930FA1C74F5F4006EFB15 /* Resources */,
			);
			buildRules = (
			);
			dependencies = (
				9B7930FE1C74F5F4006EFB15 /* PBXTargetDependency */,
			);
			name = SocialFeedTests;
			productName = SocialFeedTests;
			productReference = 9B7930FC1C74F5F4006EFB15 /* SocialFeedTests.xctest */;
			productType = "com.apple.product-type.bundle.unit-test";
		};
		9B7931061C74F5F4006EFB15 /* SocialFeedUITests */ = {
			isa = PBXNativeTarget;
			buildConfigurationList = 9B7931161C74F5F4006EFB15 /* Build configuration list for PBXNativeTarget "SocialFeedUITests" */;
			buildPhases = (
				9B7931031C74F5F4006EFB15 /* Sources */,
				9B7931041C74F5F4006EFB15 /* Frameworks */,
				9B7931051C74F5F4006EFB15 /* Resources */,
			);
			buildRules = (
			);
			dependencies = (
				9B7931091C74F5F4006EFB15 /* PBXTargetDependency */,
			);
			name = SocialFeedUITests;
			productName = SocialFeedUITests;
			productReference = 9B7931071C74F5F4006EFB15 /* SocialFeedUITests.xctest */;
			productType = "com.apple.product-type.bundle.ui-testing";
		};
/* End PBXNativeTarget section */

/* Begin PBXProject section */
		9B7930DB1C74F5F4006EFB15 /* Project object */ = {
			isa = PBXProject;
			attributes = {
				LastUpgradeCheck = 0720;
				ORGANIZATIONNAME = Shashi;
				TargetAttributes = {
					9B7930E21C74F5F4006EFB15 = {
						CreatedOnToolsVersion = 7.2;
					};
					9B7930FB1C74F5F4006EFB15 = {
						CreatedOnToolsVersion = 7.2;
						TestTargetID = 9B7930E21C74F5F4006EFB15;
					};
					9B7931061C74F5F4006EFB15 = {
						CreatedOnToolsVersion = 7.2;
						TestTargetID = 9B7930E21C74F5F4006EFB15;
					};
				};
			};
			buildConfigurationList = 9B7930DE1C74F5F4006EFB15 /* Build configuration list for PBXProject "SocialFeed" */;
			compatibilityVersion = "Xcode 3.2";
			developmentRegion = English;
			hasScannedForEncodings = 0;
			knownRegions = (
				en,
				Base,
			);
			mainGroup = 9B7930DA1C74F5F4006EFB15;
			productRefGroup = 9B7930E41C74F5F4006EFB15 /* Products */;
			projectDirPath = "";
			projectRoot = "";
			targets = (
				9B7930E21C74F5F4006EFB15 /* SocialFeed */,
				9B7930FB1C74F5F4006EFB15 /* SocialFeedTests */,
				9B7931061C74F5F4006EFB15 /* SocialFeedUITests */,
			);
		};
/* End PBXProject section */

/* Begin PBXResourcesBuildPhase section */
		9B7930E11C74F5F4006EFB15 /* Resources */ = {
			isa = PBXResourcesBuildPhase;
			buildActionMask = 2147483647;
			files = (
				9B7930F61C74F5F4006EFB15 /* LaunchScreen.storyboard in Resources */,
				9B7930F31C74F5F4006EFB15 /* Assets.xcassets in Resources */,
				9B7931231C74F8F5006EFB15 /* SocialFeedTableViewCell.xib in Resources */,
				9B7930F11C74F5F4006EFB15 /* Main.storyboard in Resources */,
			);
			runOnlyForDeploymentPostprocessing = 0;
		};
		9B7930FA1C74F5F4006EFB15 /* Resources */ = {
			isa = PBXResourcesBuildPhase;
			buildActionMask = 2147483647;
			files = (
			);
			runOnlyForDeploymentPostprocessing = 0;
		};
		9B7931051C74F5F4006EFB15 /* Resources */ = {
			isa = PBXResourcesBuildPhase;
			buildActionMask = 2147483647;
			files = (
			);
			runOnlyForDeploymentPostprocessing = 0;
		};
/* End PBXResourcesBuildPhase section */

/* Begin PBXShellScriptBuildPhase section */
		2A633DE528C32F3AB29C6EA1 /* Copy Pods Resources */ = {
			isa = PBXShellScriptBuildPhase;
			buildActionMask = 2147483647;
			files = (
			);
			inputPaths = (
			);
			name = "Copy Pods Resources";
			outputPaths = (
			);
			runOnlyForDeploymentPostprocessing = 0;
			shellPath = /bin/sh;
			shellScript = "\"${SRCROOT}/Pods/Target Support Files/Pods/Pods-resources.sh\"\n";
			showEnvVarsInLog = 0;
		};
		322986F0244CE2D389072594 /* Embed Pods Frameworks */ = {
			isa = PBXShellScriptBuildPhase;
			buildActionMask = 2147483647;
			files = (
			);
			inputPaths = (
			);
			name = "Embed Pods Frameworks";
			outputPaths = (
			);
			runOnlyForDeploymentPostprocessing = 0;
			shellPath = /bin/sh;
			shellScript = "\"${SRCROOT}/Pods/Target Support Files/Pods/Pods-frameworks.sh\"\n";
			showEnvVarsInLog = 0;
		};
		83286033F52D50C9678595BE /* Check Pods Manifest.lock */ = {
			isa = PBXShellScriptBuildPhase;
			buildActionMask = 2147483647;
			files = (
			);
			inputPaths = (
			);
			name = "Check Pods Manifest.lock";
			outputPaths = (
			);
			runOnlyForDeploymentPostprocessing = 0;
			shellPath = /bin/sh;
			shellScript = "diff \"${PODS_ROOT}/../Podfile.lock\" \"${PODS_ROOT}/Manifest.lock\" > /dev/null\nif [[ $? != 0 ]] ; then\n    cat << EOM\nerror: The sandbox is not in sync with the Podfile.lock. Run 'pod install' or update your CocoaPods installation.\nEOM\n    exit 1\nfi\n";
			showEnvVarsInLog = 0;
		};
/* End PBXShellScriptBuildPhase section */

/* Begin PBXSourcesBuildPhase section */
		9B7930DF1C74F5F4006EFB15 /* Sources */ = {
			isa = PBXSourcesBuildPhase;
			buildActionMask = 2147483647;
			files = (
				9B79311E1C74F882006EFB15 /* SocialFeedDetailViewController.m in Sources */,
				9B79311B1C74F86B006EFB15 /* SocialFeedTableViewController.m in Sources */,
				9B7930EB1C74F5F4006EFB15 /* AppDelegate.m in Sources */,
				9B7931221C74F8F5006EFB15 /* SocialFeedTableViewCell.m in Sources */,
				9B7930E81C74F5F4006EFB15 /* main.m in Sources */,
			);
			runOnlyForDeploymentPostprocessing = 0;
		};
		9B7930F81C74F5F4006EFB15 /* Sources */ = {
			isa = PBXSourcesBuildPhase;
			buildActionMask = 2147483647;
			files = (
				9B7931011C74F5F4006EFB15 /* SocialFeedTests.m in Sources */,
			);
			runOnlyForDeploymentPostprocessing = 0;
		};
		9B7931031C74F5F4006EFB15 /* Sources */ = {
			isa = PBXSourcesBuildPhase;
			buildActionMask = 2147483647;
			files = (
				9B79310C1C74F5F4006EFB15 /* SocialFeedUITests.m in Sources */,
			);
			runOnlyForDeploymentPostprocessing = 0;
		};
/* End PBXSourcesBuildPhase section */

/* Begin PBXTargetDependency section */
		9B7930FE1C74F5F4006EFB15 /* PBXTargetDependency */ = {
			isa = PBXTargetDependency;
			target = 9B7930E21C74F5F4006EFB15 /* SocialFeed */;
			targetProxy = 9B7930FD1C74F5F4006EFB15 /* PBXContainerItemProxy */;
		};
		9B7931091C74F5F4006EFB15 /* PBXTargetDependency */ = {
			isa = PBXTargetDependency;
			target = 9B7930E21C74F5F4006EFB15 /* SocialFeed */;
			targetProxy = 9B7931081C74F5F4006EFB15 /* PBXContainerItemProxy */;
		};
/* End PBXTargetDependency section */

/* Begin PBXVariantGroup section */
		9B7930EF1C74F5F4006EFB15 /* Main.storyboard */ = {
			isa = PBXVariantGroup;
			children = (
				9B7930F01C74F5F4006EFB15 /* Base */,
			);
			name = Main.storyboard;
			sourceTree = "<group>";
		};
		9B7930F41C74F5F4006EFB15 /* LaunchScreen.storyboard */ = {
			isa = PBXVariantGroup;
			children = (
				9B7930F51C74F5F4006EFB15 /* Base */,
			);
			name = LaunchScreen.storyboard;
			sourceTree = "<group>";
		};
/* End PBXVariantGroup section */

/* Begin XCBuildConfiguration section */
		9B79310E1C74F5F4006EFB15 /* Debug */ = {
			isa = XCBuildConfiguration;
			buildSettings = {
				ALWAYS_SEARCH_USER_PATHS = NO;
				CLANG_CXX_LANGUAGE_STANDARD = "gnu++0x";
				CLANG_CXX_LIBRARY = "libc++";
				CLANG_ENABLE_MODULES = YES;
				CLANG_ENABLE_OBJC_ARC = YES;
				CLANG_WARN_BOOL_CONVERSION = YES;
				CLANG_WARN_CONSTANT_CONVERSION = YES;
				CLANG_WARN_DIRECT_OBJC_ISA_USAGE = YES_ERROR;
				CLANG_WARN_EMPTY_BODY = YES;
				CLANG_WARN_ENUM_CONVERSION = YES;
				CLANG_WARN_INT_CONVERSION = YES;
				CLANG_WARN_OBJC_ROOT_CLASS = YES_ERROR;
				CLANG_WARN_UNREACHABLE_CODE = YES;
				CLANG_WARN__DUPLICATE_METHOD_MATCH = YES;
				"CODE_SIGN_IDENTITY[sdk=iphoneos*]" = "iPhone Developer";
				COPY_PHASE_STRIP = NO;
				DEBUG_INFORMATION_FORMAT = dwarf;
				ENABLE_STRICT_OBJC_MSGSEND = YES;
				ENABLE_TESTABILITY = YES;
				GCC_C_LANGUAGE_STANDARD = gnu99;
				GCC_DYNAMIC_NO_PIC = NO;
				GCC_NO_COMMON_BLOCKS = YES;
				GCC_OPTIMIZATION_LEVEL = 0;
				GCC_PREPROCESSOR_DEFINITIONS = (
					"DEBUG=1",
					"$(inherited)",
				);
				GCC_WARN_64_TO_32_BIT_CONVERSION = YES;
				GCC_WARN_ABOUT_RETURN_TYPE = YES_ERROR;
				GCC_WARN_UNDECLARED_SELECTOR = YES;
				GCC_WARN_UNINITIALIZED_AUTOS = YES_AGGRESSIVE;
				GCC_WARN_UNUSED_FUNCTION = YES;
				GCC_WARN_UNUSED_VARIABLE = YES;
				IPHONEOS_DEPLOYMENT_TARGET = 9.2;
				MTL_ENABLE_DEBUG_INFO = YES;
				ONLY_ACTIVE_ARCH = YES;
				SDKROOT = iphoneos;
				TARGETED_DEVICE_FAMILY = "1,2";
			};
			name = Debug;
		};
		9B79310F1C74F5F4006EFB15 /* Release */ = {
			isa = XCBuildConfiguration;
			buildSettings = {
				ALWAYS_SEARCH_USER_PATHS = NO;
				CLANG_CXX_LANGUAGE_STANDARD = "gnu++0x";
				CLANG_CXX_LIBRARY = "libc++";
				CLANG_ENABLE_MODULES = YES;
				CLANG_ENABLE_OBJC_ARC = YES;
				CLANG_WARN_BOOL_CONVERSION = YES;
				CLANG_WARN_CONSTANT_CONVERSION = YES;
				CLANG_WARN_DIRECT_OBJC_ISA_USAGE = YES_ERROR;
				CLANG_WARN_EMPTY_BODY = YES;
				CLANG_WARN_ENUM_CONVERSION = YES;
				CLANG_WARN_INT_CONVERSION = YES;
				CLANG_WARN_OBJC_ROOT_CLASS = YES_ERROR;
				CLANG_WARN_UNREACHABLE_CODE = YES;
				CLANG_WARN__DUPLICATE_METHOD_MATCH = YES;
				"CODE_SIGN_IDENTITY[sdk=iphoneos*]" = "iPhone Developer";
				COPY_PHASE_STRIP = NO;
				DEBUG_INFORMATION_FORMAT = "dwarf-with-dsym";
				ENABLE_NS_ASSERTIONS = NO;
				ENABLE_STRICT_OBJC_MSGSEND = YES;
				GCC_C_LANGUAGE_STANDARD = gnu99;
				GCC_NO_COMMON_BLOCKS = YES;
				GCC_WARN_64_TO_32_BIT_CONVERSION = YES;
				GCC_WARN_ABOUT_RETURN_TYPE = YES_ERROR;
				GCC_WARN_UNDECLARED_SELECTOR = YES;
				GCC_WARN_UNINITIALIZED_AUTOS = YES_AGGRESSIVE;
				GCC_WARN_UNUSED_FUNCTION = YES;
				GCC_WARN_UNUSED_VARIABLE = YES;
				IPHONEOS_DEPLOYMENT_TARGET = 9.2;
				MTL_ENABLE_DEBUG_INFO = NO;
				SDKROOT = iphoneos;
				TARGETED_DEVICE_FAMILY = "1,2";
				VALIDATE_PRODUCT = YES;
			};
			name = Release;
		};
		9B7931111C74F5F4006EFB15 /* Debug */ = {
			isa = XCBuildConfiguration;
			baseConfigurationReference = D16631649939655F7A183392 /* Pods.debug.xcconfig */;
			buildSettings = {
				ASSETCATALOG_COMPILER_APPICON_NAME = AppIcon;
				INFOPLIST_FILE = SocialFeed/Info.plist;
				LD_RUNPATH_SEARCH_PATHS = "$(inherited) @executable_path/Frameworks";
				PRODUCT_BUNDLE_IDENTIFIER = com.shashi.SocialFeed;
				PRODUCT_NAME = "$(TARGET_NAME)";
			};
			name = Debug;
		};
		9B7931121C74F5F4006EFB15 /* Release */ = {
			isa = XCBuildConfiguration;
			baseConfigurationReference = 5FE0C3239762534152337B3D /* Pods.release.xcconfig */;
			buildSettings = {
				ASSETCATALOG_COMPILER_APPICON_NAME = AppIcon;
				INFOPLIST_FILE = SocialFeed/Info.plist;
				LD_RUNPATH_SEARCH_PATHS = "$(inherited) @executable_path/Frameworks";
				PRODUCT_BUNDLE_IDENTIFIER = com.shashi.SocialFeed;
				PRODUCT_NAME = "$(TARGET_NAME)";
			};
			name = Release;
		};
		9B7931141C74F5F4006EFB15 /* Debug */ = {
			isa = XCBuildConfiguration;
			buildSettings = {
				BUNDLE_LOADER = "$(TEST_HOST)";
				INFOPLIST_FILE = SocialFeedTests/Info.plist;
				LD_RUNPATH_SEARCH_PATHS = "$(inherited) @executable_path/Frameworks @loader_path/Frameworks";
				PRODUCT_BUNDLE_IDENTIFIER = com.shashi.SocialFeedTests;
				PRODUCT_NAME = "$(TARGET_NAME)";
				TEST_HOST = "$(BUILT_PRODUCTS_DIR)/SocialFeed.app/SocialFeed";
			};
			name = Debug;
		};
		9B7931151C74F5F4006EFB15 /* Release */ = {
			isa = XCBuildConfiguration;
			buildSettings = {
				BUNDLE_LOADER = "$(TEST_HOST)";
				INFOPLIST_FILE = SocialFeedTests/Info.plist;
				LD_RUNPATH_SEARCH_PATHS = "$(inherited) @executable_path/Frameworks @loader_path/Frameworks";
				PRODUCT_BUNDLE_IDENTIFIER = com.shashi.SocialFeedTests;
				PRODUCT_NAME = "$(TARGET_NAME)";
				TEST_HOST = "$(BUILT_PRODUCTS_DIR)/SocialFeed.app/SocialFeed";
			};
			name = Release;
		};
		9B7931171C74F5F4006EFB15 /* Debug */ = {
			isa = XCBuildConfiguration;
			buildSettings = {
				INFOPLIST_FILE = SocialFeedUITests/Info.plist;
				LD_RUNPATH_SEARCH_PATHS = "$(inherited) @executable_path/Frameworks @loader_path/Frameworks";
				PRODUCT_BUNDLE_IDENTIFIER = com.shashi.SocialFeedUITests;
				PRODUCT_NAME = "$(TARGET_NAME)";
				TEST_TARGET_NAME = SocialFeed;
				USES_XCTRUNNER = YES;
			};
			name = Debug;
		};
		9B7931181C74F5F4006EFB15 /* Release */ = {
			isa = XCBuildConfiguration;
			buildSettings = {
				INFOPLIST_FILE = SocialFeedUITests/Info.plist;
				LD_RUNPATH_SEARCH_PATHS = "$(inherited) @executable_path/Frameworks @loader_path/Frameworks";
				PRODUCT_BUNDLE_IDENTIFIER = com.shashi.SocialFeedUITests;
				PRODUCT_NAME = "$(TARGET_NAME)";
				TEST_TARGET_NAME = SocialFeed;
				USES_XCTRUNNER = YES;
			};
			name = Release;
		};
/* End XCBuildConfiguration section */

/* Begin XCConfigurationList section */
		9B7930DE1C74F5F4006EFB15 /* Build configuration list for PBXProject "SocialFeed" */ = {
			isa = XCConfigurationList;
			buildConfigurations = (
				9B79310E1C74F5F4006EFB15 /* Debug */,
				9B79310F1C74F5F4006EFB15 /* Release */,
			);
			defaultConfigurationIsVisible = 0;
			defaultConfigurationName = Release;
		};
		9B7931101C74F5F4006EFB15 /* Build configuration list for PBXNativeTarget "SocialFeed" */ = {
			isa = XCConfigurationList;
			buildConfigurations = (
				9B7931111C74F5F4006EFB15 /* Debug */,
				9B7931121C74F5F4006EFB15 /* Release */,
			);
			defaultConfigurationIsVisible = 0;
			defaultConfigurationName = Release;
		};
		9B7931131C74F5F4006EFB15 /* Build configuration list for PBXNativeTarget "SocialFeedTests" */ = {
			isa = XCConfigurationList;
			buildConfigurations = (
				9B7931141C74F5F4006EFB15 /* Debug */,
				9B7931151C74F5F4006EFB15 /* Release */,
			);
			defaultConfigurationIsVisible = 0;
			defaultConfigurationName = Release;
		};
		9B7931161C74F5F4006EFB15 /* Build configuration list for PBXNativeTarget "SocialFeedUITests" */ = {
			isa = XCConfigurationList;
			buildConfigurations = (
				9B7931171C74F5F4006EFB15 /* Debug */,
				9B7931181C74F5F4006EFB15 /* Release */,
			);
			defaultConfigurationIsVisible = 0;
			defaultConfigurationName = Release;
		};
/* End XCConfigurationList section */
	};
	rootObject = 9B7930DB1C74F5F4006EFB15 /* Project object */;
}
